
Microsoft Visual Studio Solution File, Format Version 12.00
# Visual Studio 15
VisualStudioVersion = 15.0.28307.421
MinimumVisualStudioVersion = 10.0.40219.1
Project("{FAE04EC0-301F-11D3-BF4B-00C04F79EFBC}") = "GenericExample", "GenericExample\GenericExample.csproj", "{80821BEF-966D-4309-9828-35236827B819}"
EndProject
Global
	GlobalSection(SolutionConfigurationPlatforms) = preSolution
		Debug|Any CPU = Debug|Any CPU
		Release|Any CPU = Release|Any CPU
	EndGlobalSection
	GlobalSection(ProjectConfigurationPlatforms) = postSolution
		{80821BEF-966D-4309-9828-35236827B819}.Debug|Any CPU.ActiveCfg = Debug|Any CPU
		{80821BEF-966D-4309-9828-35236827B819}.Debug|Any CPU.Build.0 = Debug|Any CPU
		{80821BEF-966D-4309-9828-35236827B819}.Release|Any CPU.ActiveCfg = Release|Any CPU
		{80821BEF-966D-4309-9828-35236827B819}.Release|Any CPU.Build.0 = Release|Any CPU
	EndGlobalSection
	GlobalSection(SolutionProperties) = preSolution
		HideSolutionNode = FALSE
	EndGlobalSection
	GlobalSection(ExtensibilityGlobals) = postSolution
		SolutionGuid = {CFC23714-E1C6-404B-BC1C-721F136B8C39}
	EndGlobalSection
EndGlobal
